
Microsoft Visual Studio Solution File, Format Version 12.00
# Visual Studio 15
VisualStudioVersion = 15.0.28307.168
MinimumVisualStudioVersion = 10.0.40219.1
Project("{FAE04EC0-301F-11D3-BF4B-00C04F79EFBC}") = "Logger", "Logger\Logger.csproj", "{3B5C2865-4993-4D0B-8505-B7AF411AC691}"
EndProject
Project("{FAE04EC0-301F-11D3-BF4B-00C04F79EFBC}") = "FileLogger", "FileLogger\FileLogger.csproj", "{C4EDB3A9-E2C5-452E-A1D7-7B9FB39B1B0A}"
EndProject
Global
	GlobalSection(SolutionConfigurationPlatforms) = preSolution
		Debug|Any CPU = Debug|Any CPU
		Release|Any CPU = Release|Any CPU
	EndGlobalSection
	GlobalSection(ProjectConfigurationPlatforms) = postSolution
		{3B5C2865-4993-4D0B-8505-B7AF411AC691}.Debug|Any CPU.ActiveCfg = Debug|Any CPU
		{3B5C2865-4993-4D0B-8505-B7AF411AC691}.Debug|Any CPU.Build.0 = Debug|Any CPU
		{3B5C2865-4993-4D0B-8505-B7AF411AC691}.Release|Any CPU.ActiveCfg = Release|Any CPU
		{3B5C2865-4993-4D0B-8505-B7AF411AC691}.Release|Any CPU.Build.0 = Release|Any CPU
		{C4EDB3A9-E2C5-452E-A1D7-7B9FB39B1B0A}.Debug|Any CPU.ActiveCfg = Debug|Any CPU
		{C4EDB3A9-E2C5-452E-A1D7-7B9FB39B1B0A}.Debug|Any CPU.Build.0 = Debug|Any CPU
		{C4EDB3A9-E2C5-452E-A1D7-7B9FB39B1B0A}.Release|Any CPU.ActiveCfg = Release|Any CPU
		{C4EDB3A9-E2C5-452E-A1D7-7B9FB39B1B0A}.Release|Any CPU.Build.0 = Release|Any CPU
	EndGlobalSection
	GlobalSection(SolutionProperties) = preSolution
		HideSolutionNode = FALSE
	EndGlobalSection
	GlobalSection(ExtensibilityGlobals) = postSolution
		SolutionGuid = {1A5438A1-04CB-457A-9885-41B2494BAB03}
	EndGlobalSection
EndGlobal
